
Microsoft Visual Studio Solution File, Format Version 12.00
# Visual Studio Version 17
VisualStudioVersion = 17.1.32228.430
MinimumVisualStudioVersion = 10.0.40219.1
Project("{FAE04EC0-301F-11D3-BF4B-00C04F79EFBC}") = "NotePad", "NotePad\NotePad.csproj", "{79A08EC1-C876-40AF-AF74-3448239748E5}"
EndProject
Project("{FAE04EC0-301F-11D3-BF4B-00C04F79EFBC}") = "AppCore", "AppCore\AppCore.csproj", "{DB93CD97-A9AB-4C8F-9C72-0E49CD97B442}"
EndProject
Project("{FAE04EC0-301F-11D3-BF4B-00C04F79EFBC}") = "Domain", "Domain\Domain.csproj", "{13C9BA4A-F50A-4554-9E34-B2A98CC62B09}"
EndProject
Project("{FAE04EC0-301F-11D3-BF4B-00C04F79EFBC}") = "Infraestructure", "Infraestructure\Infraestructure.csproj", "{BA8DB450-6E45-4473-AD2E-103204F40AA1}"
EndProject
Global
	GlobalSection(SolutionConfigurationPlatforms) = preSolution
		Debug|Any CPU = Debug|Any CPU
		Release|Any CPU = Release|Any CPU
	EndGlobalSection
	GlobalSection(ProjectConfigurationPlatforms) = postSolution
		{79A08EC1-C876-40AF-AF74-3448239748E5}.Debug|Any CPU.ActiveCfg = Debug|Any CPU
		{79A08EC1-C876-40AF-AF74-3448239748E5}.Debug|Any CPU.Build.0 = Debug|Any CPU
		{79A08EC1-C876-40AF-AF74-3448239748E5}.Release|Any CPU.ActiveCfg = Release|Any CPU
		{79A08EC1-C876-40AF-AF74-3448239748E5}.Release|Any CPU.Build.0 = Release|Any CPU
		{DB93CD97-A9AB-4C8F-9C72-0E49CD97B442}.Debug|Any CPU.ActiveCfg = Debug|Any CPU
		{DB93CD97-A9AB-4C8F-9C72-0E49CD97B442}.Debug|Any CPU.Build.0 = Debug|Any CPU
		{DB93CD97-A9AB-4C8F-9C72-0E49CD97B442}.Release|Any CPU.ActiveCfg = Release|Any CPU
		{DB93CD97-A9AB-4C8F-9C72-0E49CD97B442}.Release|Any CPU.Build.0 = Release|Any CPU
		{13C9BA4A-F50A-4554-9E34-B2A98CC62B09}.Debug|Any CPU.ActiveCfg = Debug|Any CPU
		{13C9BA4A-F50A-4554-9E34-B2A98CC62B09}.Debug|Any CPU.Build.0 = Debug|Any CPU
		{13C9BA4A-F50A-4554-9E34-B2A98CC62B09}.Release|Any CPU.ActiveCfg = Release|Any CPU
		{13C9BA4A-F50A-4554-9E34-B2A98CC62B09}.Release|Any CPU.Build.0 = Release|Any CPU
		{BA8DB450-6E45-4473-AD2E-103204F40AA1}.Debug|Any CPU.ActiveCfg = Debug|Any CPU
		{BA8DB450-6E45-4473-AD2E-103204F40AA1}.Debug|Any CPU.Build.0 = Debug|Any CPU
		{BA8DB450-6E45-4473-AD2E-103204F40AA1}.Release|Any CPU.ActiveCfg = Release|Any CPU
		{BA8DB450-6E45-4473-AD2E-103204F40AA1}.Release|Any CPU.Build.0 = Release|Any CPU
	EndGlobalSection
	GlobalSection(SolutionProperties) = preSolution
		HideSolutionNode = FALSE
	EndGlobalSection
	GlobalSection(ExtensibilityGlobals) = postSolution
		SolutionGuid = {F44FD4E2-DBBB-49A2-82E4-A0C63AB78013}
	EndGlobalSection
EndGlobal
